
Microsoft Visual Studio Solution File, Format Version 12.00
# Visual Studio 15
VisualStudioVersion = 15.0.27004.2008
MinimumVisualStudioVersion = 10.0.40219.1
Project("{FAE04EC0-301F-11D3-BF4B-00C04F79EFBC}") = "XenoCore.Engine", "XenoCore.Engine\XenoCore.Engine.csproj", "{930BA5ED-74D3-411E-B1A9-AB2519E73EFB}"
EndProject
Project("{FAE04EC0-301F-11D3-BF4B-00C04F79EFBC}") = "XenoCore.Desktop", "XenoCore.Desktop\XenoCore.Desktop.csproj", "{A48D00D2-0E72-496E-94DA-43C69904FE70}"
EndProject
Project("{FAE04EC0-301F-11D3-BF4B-00C04F79EFBC}") = "XenoCore.Desktop.Test", "XenoCore.Desktop.Test\XenoCore.Desktop.Test.csproj", "{76D958D0-D130-45A8-9273-F6BF11C98D44}"
EndProject
Project("{FAE04EC0-301F-11D3-BF4B-00C04F79EFBC}") = "XenoCore.ContentPipeline", "XenoCore.ContentPipeline\XenoCore.ContentPipeline.csproj", "{1BBA7251-3CB9-4B4C-80E9-47B009829D12}"
EndProject
Project("{FAE04EC0-301F-11D3-BF4B-00C04F79EFBC}") = "XenoCore.Builder", "XenoCore.Builder\XenoCore.Builder.csproj", "{8FB7AC47-063B-44B6-8E96-0A503A602E50}"
EndProject
Global
	GlobalSection(SolutionConfigurationPlatforms) = preSolution
		Debug|Any CPU = Debug|Any CPU
		Development|Any CPU = Development|Any CPU
		Release|Any CPU = Release|Any CPU
	EndGlobalSection
	GlobalSection(ProjectConfigurationPlatforms) = postSolution
		{930BA5ED-74D3-411E-B1A9-AB2519E73EFB}.Debug|Any CPU.ActiveCfg = Debug|Any CPU
		{930BA5ED-74D3-411E-B1A9-AB2519E73EFB}.Debug|Any CPU.Build.0 = Debug|Any CPU
		{930BA5ED-74D3-411E-B1A9-AB2519E73EFB}.Development|Any CPU.ActiveCfg = Development|Any CPU
		{930BA5ED-74D3-411E-B1A9-AB2519E73EFB}.Development|Any CPU.Build.0 = Development|Any CPU
		{930BA5ED-74D3-411E-B1A9-AB2519E73EFB}.Release|Any CPU.ActiveCfg = Release|Any CPU
		{930BA5ED-74D3-411E-B1A9-AB2519E73EFB}.Release|Any CPU.Build.0 = Release|Any CPU
		{A48D00D2-0E72-496E-94DA-43C69904FE70}.Debug|Any CPU.ActiveCfg = Debug|x86
		{A48D00D2-0E72-496E-94DA-43C69904FE70}.Debug|Any CPU.Build.0 = Debug|x86
		{A48D00D2-0E72-496E-94DA-43C69904FE70}.Development|Any CPU.ActiveCfg = Release|x86
		{A48D00D2-0E72-496E-94DA-43C69904FE70}.Development|Any CPU.Build.0 = Release|x86
		{A48D00D2-0E72-496E-94DA-43C69904FE70}.Release|Any CPU.ActiveCfg = Release|x86
		{76D958D0-D130-45A8-9273-F6BF11C98D44}.Debug|Any CPU.ActiveCfg = Debug|x86
		{76D958D0-D130-45A8-9273-F6BF11C98D44}.Debug|Any CPU.Build.0 = Debug|x86
		{76D958D0-D130-45A8-9273-F6BF11C98D44}.Development|Any CPU.ActiveCfg = Development|x86
		{76D958D0-D130-45A8-9273-F6BF11C98D44}.Release|Any CPU.ActiveCfg = Release|x86
		{1BBA7251-3CB9-4B4C-80E9-47B009829D12}.Debug|Any CPU.ActiveCfg = Debug|Any CPU
		{1BBA7251-3CB9-4B4C-80E9-47B009829D12}.Debug|Any CPU.Build.0 = Debug|Any CPU
		{1BBA7251-3CB9-4B4C-80E9-47B009829D12}.Development|Any CPU.ActiveCfg = Debug|Any CPU
		{1BBA7251-3CB9-4B4C-80E9-47B009829D12}.Development|Any CPU.Build.0 = Debug|Any CPU
		{1BBA7251-3CB9-4B4C-80E9-47B009829D12}.Release|Any CPU.ActiveCfg = Release|Any CPU
		{1BBA7251-3CB9-4B4C-80E9-47B009829D12}.Release|Any CPU.Build.0 = Release|Any CPU
		{8FB7AC47-063B-44B6-8E96-0A503A602E50}.Debug|Any CPU.ActiveCfg = Debug|Any CPU
		{8FB7AC47-063B-44B6-8E96-0A503A602E50}.Debug|Any CPU.Build.0 = Debug|Any CPU
		{8FB7AC47-063B-44B6-8E96-0A503A602E50}.Development|Any CPU.ActiveCfg = Debug|Any CPU
		{8FB7AC47-063B-44B6-8E96-0A503A602E50}.Development|Any CPU.Build.0 = Debug|Any CPU
		{8FB7AC47-063B-44B6-8E96-0A503A602E50}.Release|Any CPU.ActiveCfg = Release|Any CPU
		{8FB7AC47-063B-44B6-8E96-0A503A602E50}.Release|Any CPU.Build.0 = Release|Any CPU
	EndGlobalSection
	GlobalSection(SolutionProperties) = preSolution
		HideSolutionNode = FALSE
	EndGlobalSection
	GlobalSection(ExtensibilityGlobals) = postSolution
		SolutionGuid = {8D2FD6B9-BCF9-4F72-A2C1-C230EB95D4BD}
	EndGlobalSection
EndGlobal
